
Microsoft Visual Studio Solution File, Format Version 12.00
# Visual Studio Version 16
VisualStudioVersion = 16.0.29613.14
MinimumVisualStudioVersion = 10.0.40219.1
Project("{9A19103F-16F7-4668-BE54-9A1E7A4F7556}") = "Calculator-Development", "Calculator-Development\Calculator-Development.csproj", "{291BBF41-BBFB-4138-8015-19BFB5456967}"
EndProject
Project("{9A19103F-16F7-4668-BE54-9A1E7A4F7556}") = "Addition", "Add\Addition.csproj", "{0F3DDE90-3697-4EE1-A604-F53494668B1E}"
EndProject
Project("{9A19103F-16F7-4668-BE54-9A1E7A4F7556}") = "AdditionTests", "AdditionTests\AdditionTests.csproj", "{334AF0A4-3687-4090-AF94-6FE23139C25B}"
EndProject
Project("{9A19103F-16F7-4668-BE54-9A1E7A4F7556}") = "IAdd", "IAdd\IAdd.csproj", "{C65085DE-58B1-4EF4-8CFD-EFDAC72AB47E}"
EndProject
Project("{9A19103F-16F7-4668-BE54-9A1E7A4F7556}") = "Helpers", "Helpers\Helpers.csproj", "{5A6FC0AD-1499-4C01-A2DD-5D3D10BEDA5E}"
EndProject
Project("{9A19103F-16F7-4668-BE54-9A1E7A4F7556}") = "HelpersTests", "HelpersTests\HelpersTests.csproj", "{E02C74FA-127E-409E-9C24-C69BF39F157B}"
EndProject
Project("{9A19103F-16F7-4668-BE54-9A1E7A4F7556}") = "Subtraction", "Subtraction\Subtraction.csproj", "{78459060-CD2B-43B3-9F17-8AACA9E8F62B}"
EndProject
Project("{9A19103F-16F7-4668-BE54-9A1E7A4F7556}") = "Division", "Division\Division.csproj", "{E60CDE3B-1E86-4DBD-A786-D6E2E6EBE1CA}"
EndProject
Project("{9A19103F-16F7-4668-BE54-9A1E7A4F7556}") = "DivisionTests", "DivisionTests\DivisionTests.csproj", "{4584971B-4450-431E-867F-EAA6449B8480}"
EndProject
Project("{9A19103F-16F7-4668-BE54-9A1E7A4F7556}") = "Multiplication", "Multiplication\Multiplication.csproj", "{5C238255-4A9B-4096-93BA-93793B07C0BC}"
EndProject
Project("{9A19103F-16F7-4668-BE54-9A1E7A4F7556}") = "MultiplicationTests", "MultiplicationTests\MultiplicationTests.csproj", "{895AE5D8-F5C7-41F7-8C77-2D6A8084A065}"
EndProject
Global
	GlobalSection(SolutionConfigurationPlatforms) = preSolution
		Debug|Any CPU = Debug|Any CPU
		Release|Any CPU = Release|Any CPU
	EndGlobalSection
	GlobalSection(ProjectConfigurationPlatforms) = postSolution
		{291BBF41-BBFB-4138-8015-19BFB5456967}.Debug|Any CPU.ActiveCfg = Debug|Any CPU
		{291BBF41-BBFB-4138-8015-19BFB5456967}.Debug|Any CPU.Build.0 = Debug|Any CPU
		{291BBF41-BBFB-4138-8015-19BFB5456967}.Release|Any CPU.ActiveCfg = Release|Any CPU
		{291BBF41-BBFB-4138-8015-19BFB5456967}.Release|Any CPU.Build.0 = Release|Any CPU
		{0F3DDE90-3697-4EE1-A604-F53494668B1E}.Debug|Any CPU.ActiveCfg = Debug|Any CPU
		{0F3DDE90-3697-4EE1-A604-F53494668B1E}.Debug|Any CPU.Build.0 = Debug|Any CPU
		{0F3DDE90-3697-4EE1-A604-F53494668B1E}.Release|Any CPU.ActiveCfg = Release|Any CPU
		{0F3DDE90-3697-4EE1-A604-F53494668B1E}.Release|Any CPU.Build.0 = Release|Any CPU
		{334AF0A4-3687-4090-AF94-6FE23139C25B}.Debug|Any CPU.ActiveCfg = Debug|Any CPU
		{334AF0A4-3687-4090-AF94-6FE23139C25B}.Debug|Any CPU.Build.0 = Debug|Any CPU
		{334AF0A4-3687-4090-AF94-6FE23139C25B}.Release|Any CPU.ActiveCfg = Release|Any CPU
		{334AF0A4-3687-4090-AF94-6FE23139C25B}.Release|Any CPU.Build.0 = Release|Any CPU
		{C65085DE-58B1-4EF4-8CFD-EFDAC72AB47E}.Debug|Any CPU.ActiveCfg = Debug|Any CPU
		{C65085DE-58B1-4EF4-8CFD-EFDAC72AB47E}.Debug|Any CPU.Build.0 = Debug|Any CPU
		{C65085DE-58B1-4EF4-8CFD-EFDAC72AB47E}.Release|Any CPU.ActiveCfg = Release|Any CPU
		{C65085DE-58B1-4EF4-8CFD-EFDAC72AB47E}.Release|Any CPU.Build.0 = Release|Any CPU
		{5A6FC0AD-1499-4C01-A2DD-5D3D10BEDA5E}.Debug|Any CPU.ActiveCfg = Debug|Any CPU
		{5A6FC0AD-1499-4C01-A2DD-5D3D10BEDA5E}.Debug|Any CPU.Build.0 = Debug|Any CPU
		{5A6FC0AD-1499-4C01-A2DD-5D3D10BEDA5E}.Release|Any CPU.ActiveCfg = Release|Any CPU
		{5A6FC0AD-1499-4C01-A2DD-5D3D10BEDA5E}.Release|Any CPU.Build.0 = Release|Any CPU
		{E02C74FA-127E-409E-9C24-C69BF39F157B}.Debug|Any CPU.ActiveCfg = Debug|Any CPU
		{E02C74FA-127E-409E-9C24-C69BF39F157B}.Debug|Any CPU.Build.0 = Debug|Any CPU
		{E02C74FA-127E-409E-9C24-C69BF39F157B}.Release|Any CPU.ActiveCfg = Release|Any CPU
		{E02C74FA-127E-409E-9C24-C69BF39F157B}.Release|Any CPU.Build.0 = Release|Any CPU
		{78459060-CD2B-43B3-9F17-8AACA9E8F62B}.Debug|Any CPU.ActiveCfg = Debug|Any CPU
		{78459060-CD2B-43B3-9F17-8AACA9E8F62B}.Debug|Any CPU.Build.0 = Debug|Any CPU
		{78459060-CD2B-43B3-9F17-8AACA9E8F62B}.Release|Any CPU.ActiveCfg = Release|Any CPU
		{78459060-CD2B-43B3-9F17-8AACA9E8F62B}.Release|Any CPU.Build.0 = Release|Any CPU
		{E60CDE3B-1E86-4DBD-A786-D6E2E6EBE1CA}.Debug|Any CPU.ActiveCfg = Debug|Any CPU
		{E60CDE3B-1E86-4DBD-A786-D6E2E6EBE1CA}.Debug|Any CPU.Build.0 = Debug|Any CPU
		{E60CDE3B-1E86-4DBD-A786-D6E2E6EBE1CA}.Release|Any CPU.ActiveCfg = Release|Any CPU
		{E60CDE3B-1E86-4DBD-A786-D6E2E6EBE1CA}.Release|Any CPU.Build.0 = Release|Any CPU
		{4584971B-4450-431E-867F-EAA6449B8480}.Debug|Any CPU.ActiveCfg = Debug|Any CPU
		{4584971B-4450-431E-867F-EAA6449B8480}.Debug|Any CPU.Build.0 = Debug|Any CPU
		{4584971B-4450-431E-867F-EAA6449B8480}.Release|Any CPU.ActiveCfg = Release|Any CPU
		{4584971B-4450-431E-867F-EAA6449B8480}.Release|Any CPU.Build.0 = Release|Any CPU
		{5C238255-4A9B-4096-93BA-93793B07C0BC}.Debug|Any CPU.ActiveCfg = Debug|Any CPU
		{5C238255-4A9B-4096-93BA-93793B07C0BC}.Debug|Any CPU.Build.0 = Debug|Any CPU
		{5C238255-4A9B-4096-93BA-93793B07C0BC}.Release|Any CPU.ActiveCfg = Release|Any CPU
		{5C238255-4A9B-4096-93BA-93793B07C0BC}.Release|Any CPU.Build.0 = Release|Any CPU
		{895AE5D8-F5C7-41F7-8C77-2D6A8084A065}.Debug|Any CPU.ActiveCfg = Debug|Any CPU
		{895AE5D8-F5C7-41F7-8C77-2D6A8084A065}.Debug|Any CPU.Build.0 = Debug|Any CPU
		{895AE5D8-F5C7-41F7-8C77-2D6A8084A065}.Release|Any CPU.ActiveCfg = Release|Any CPU
		{895AE5D8-F5C7-41F7-8C77-2D6A8084A065}.Release|Any CPU.Build.0 = Release|Any CPU
	EndGlobalSection
	GlobalSection(SolutionProperties) = preSolution
		HideSolutionNode = FALSE
	EndGlobalSection
	GlobalSection(ExtensibilityGlobals) = postSolution
		SolutionGuid = {DF4E701D-11AF-47FA-A264-F4F9293ACACC}
	EndGlobalSection
EndGlobal
